
Microsoft Visual Studio Solution File, Format Version 12.00
# Visual Studio 15
VisualStudioVersion = 15.0.27130.2010
MinimumVisualStudioVersion = 10.0.40219.1
Project("{2150E333-8FDC-42A3-9474-1A3956D46DE8}") = "Demo", "Demo", "{65228A37-BBDF-40F7-8CEE-0344FF8F9958}"
EndProject
Project("{9A19103F-16F7-4668-BE54-9A1E7A4F7556}") = "Yunt.Demo.ConsoleApp1", "Yunt.Demo.ConsoleApp1\Yunt.Demo.ConsoleApp1.csproj", "{0977DDBD-8F6A-4DA7-A268-AE7CF91EF38E}"
EndProject
Project("{9A19103F-16F7-4668-BE54-9A1E7A4F7556}") = "Yunt.Demo.SendEmail", "Yunt.Demo.SendEmail\Yunt.Demo.SendEmail.csproj", "{EBEEE472-3E41-404F-B3BB-288EFDF601DD}"
EndProject
Project("{9A19103F-16F7-4668-BE54-9A1E7A4F7556}") = "Yunt.Demo.Core", "Yunt.Demo.Core\Yunt.Demo.Core.csproj", "{F13D0D4F-D93A-40BA-B979-E0DC8B9B93B3}"
EndProject
Project("{2150E333-8FDC-42A3-9474-1A3956D46DE8}") = "TaskManager【任务监控】", "TaskManager【任务监控】", "{34019C27-4A7F-445F-AEAC-F9BD2921C14C}"
	ProjectSection(SolutionItems) = preProject
		C:\Users\zhaoh\Desktop\desc.jpg = C:\Users\zhaoh\Desktop\desc.jpg
		C:\Users\zhaoh\Desktop\notice.jpg = C:\Users\zhaoh\Desktop\notice.jpg
	EndProjectSection
EndProject
Project("{9A19103F-16F7-4668-BE54-9A1E7A4F7556}") = "Yunt.TaskManager.Model", "Yunt.TaskManager.Model\Yunt.TaskManager.Model.csproj", "{44E1A07A-25D8-434B-8242-490DB2221426}"
EndProject
Project("{9A19103F-16F7-4668-BE54-9A1E7A4F7556}") = "Yunt.TaskManager", "Yunt.TaskManager\Yunt.TaskManager.csproj", "{C93ECB32-6C1E-424F-9F6E-257A4FA562E3}"
EndProject
Project("{9A19103F-16F7-4668-BE54-9A1E7A4F7556}") = "Yunt.TaskManager.Service.Contract", "Yunt.TaskManager.Service.Contract\Yunt.TaskManager.Service.Contract.csproj", "{36A769A9-84B8-4166-B5F4-1F665781274E}"
EndProject
Project("{9A19103F-16F7-4668-BE54-9A1E7A4F7556}") = "Yunt.TaskManager.Service", "Yunt.TaskManager.Service\Yunt.TaskManager.Service.csproj", "{AAB11832-13F6-4A3B-9D9D-23D90AABD5FA}"
EndProject
Project("{9A19103F-16F7-4668-BE54-9A1E7A4F7556}") = "Yunt.TaskManager.Repository.Contract", "Yunt.TaskManager.Repository.Contract\Yunt.TaskManager.Repository.Contract.csproj", "{D184E1FE-AB48-4DC5-B064-564ACBD12D93}"
EndProject
Project("{9A19103F-16F7-4668-BE54-9A1E7A4F7556}") = "Yunt.TaskManager.Repository.EF", "Yunt.TaskManager.Repository.EF\Yunt.TaskManager.Repository.EF.csproj", "{89E3339A-DDCD-4D66-95EF-7300359BCB87}"
EndProject
Project("{9A19103F-16F7-4668-BE54-9A1E7A4F7556}") = "Yunt.TaskManager.Core", "Yunt.TaskManager.Core\Yunt.TaskManager.Core.csproj", "{BC919154-FFC9-4443-9BEE-10F87AD5CDA7}"
EndProject
Project("{2150E333-8FDC-42A3-9474-1A3956D46DE8}") = "QuartzDemo", "QuartzDemo", "{65ADA9B8-705B-44F2-B69F-C9D4BDD0826F}"
EndProject
Project("{2150E333-8FDC-42A3-9474-1A3956D46DE8}") = "CAPDemo", "CAPDemo", "{1B3CA5F5-5A3D-49F1-A994-A846F27E7170}"
EndProject
Project("{FAE04EC0-301F-11D3-BF4B-00C04F79EFBC}") = "Consumer", "Consumer\Consumer.csproj", "{CD9A70C8-7DAA-4790-81F7-3FAD64772F96}"
EndProject
Project("{9A19103F-16F7-4668-BE54-9A1E7A4F7556}") = "Publisher", "Publisher\Publisher.csproj", "{0B3AAF82-D9FD-425A-87B8-C7D19D1F11CD}"
EndProject
Project("{2150E333-8FDC-42A3-9474-1A3956D46DE8}") = "Domain【服务组件】", "Domain【服务组件】", "{08806F1C-82C8-48A1-B657-C141F011DCD7}"
EndProject
Project("{2150E333-8FDC-42A3-9474-1A3956D46DE8}") = "Auth【权限】", "Auth【权限】", "{2D91A3F2-532A-479E-9455-9F04A15BA0DA}"
EndProject
Project("{2150E333-8FDC-42A3-9474-1A3956D46DE8}") = "Device【设备】", "Device【设备】", "{32A6BF62-EF7A-47A8-B5DE-02EC2E549B82}"
EndProject
Project("{2150E333-8FDC-42A3-9474-1A3956D46DE8}") = "Application【应用接口】", "Application【应用接口】", "{0432DE90-3873-4FF3-8DBD-1D64D30B5B03}"
EndProject
Project("{2150E333-8FDC-42A3-9474-1A3956D46DE8}") = "Infrastructure【基础设施】", "Infrastructure【基础设施】", "{E3B2BA8E-8321-4F3C-B26F-086B884BACB1}"
EndProject
Project("{2150E333-8FDC-42A3-9474-1A3956D46DE8}") = "Auth【权限】", "Auth【权限】", "{F79BC7BD-D322-4D06-A23A-48F160DD2689}"
EndProject
Project("{2150E333-8FDC-42A3-9474-1A3956D46DE8}") = "Device【设备】", "Device【设备】", "{115D4F24-11DC-40E5-A880-2FA68EED0131}"
EndProject
Project("{9A19103F-16F7-4668-BE54-9A1E7A4F7556}") = "Yunt.Auth.Domain", "Yunt.Auth.Domain\Yunt.Auth.Domain.csproj", "{13BB0593-13EC-49A5-9F39-A68858C1D6B4}"
EndProject
Project("{9A19103F-16F7-4668-BE54-9A1E7A4F7556}") = "Yunt.Device.Domain", "Yunt.Device.Domain\Yunt.Device.Domain.csproj", "{B0C8EF08-4672-4ED3-B5EF-7204CDB6D9B1}"
EndProject
Project("{9A19103F-16F7-4668-BE54-9A1E7A4F7556}") = "Yunt.Auth.Repository.EF", "Yunt.Auth.Repository.EF\Yunt.Auth.Repository.EF.csproj", "{FECBAC94-EB39-4C52-94FA-B5C5039349F7}"
EndProject
Project("{9A19103F-16F7-4668-BE54-9A1E7A4F7556}") = "Yunt.Device.Repository.EF", "Yunt.Device.Repository.EF\Yunt.Device.Repository.EF.csproj", "{0F8AFBE9-7B6C-4B9D-94AB-F7FF24D37F67}"
EndProject
Project("{9A19103F-16F7-4668-BE54-9A1E7A4F7556}") = "Yunt.Common", "Yunt.Common\Yunt.Common.csproj", "{B2C12BA6-D8A3-4A40-AD2B-CC71AB527C79}"
EndProject
Project("{2150E333-8FDC-42A3-9474-1A3956D46DE8}") = "FrameWork【云统框架】", "FrameWork【云统框架】", "{20A6FE70-1DAA-4085-86F5-36EFC479FF03}"
EndProject
Project("{2150E333-8FDC-42A3-9474-1A3956D46DE8}") = "Core【核心组件】", "Core【核心组件】", "{F35F62E0-3676-4134-98F8-F769CF142380}"
EndProject
Project("{9A19103F-16F7-4668-BE54-9A1E7A4F7556}") = "Yunt.Redis", "Yunt.Redis\Yunt.Redis.csproj", "{16716634-420D-479B-8BA9-8CA9B33BECDD}"
EndProject
Project("{2150E333-8FDC-42A3-9474-1A3956D46DE8}") = "Embedded【嵌入式】", "Embedded【嵌入式】", "{2D8F67B6-CBE1-413B-AB11-119E2D22600A}"
EndProject
Project("{2150E333-8FDC-42A3-9474-1A3956D46DE8}") = "DataForm【表单字典】", "DataForm【表单字典】", "{C1B5CAB2-E868-45D3-A786-23D4F8618396}"
EndProject
Project("{2150E333-8FDC-42A3-9474-1A3956D46DE8}") = "Embedded【嵌入式】", "Embedded【嵌入式】", "{02A8585D-8BF4-4340-8639-99E20FCBEF94}"
EndProject
Project("{2150E333-8FDC-42A3-9474-1A3956D46DE8}") = "DataForm【表单字典】", "DataForm【表单字典】", "{C0369AC2-73F3-4042-B46E-19C94EAB982C}"
EndProject
Project("{FAE04EC0-301F-11D3-BF4B-00C04F79EFBC}") = "DeviceManager", "DeviceManager\DeviceManager.csproj", "{B0D82CC2-D0CC-4F6F-A59C-0357706DDE9E}"
EndProject
Project("{2150E333-8FDC-42A3-9474-1A3956D46DE8}") = "WinApp【桌面应用程序】", "WinApp【桌面应用程序】", "{BBB1F0D0-8A50-485D-8B04-91EE26F4DF23}"
EndProject
Project("{2150E333-8FDC-42A3-9474-1A3956D46DE8}") = "Inventory【库存】", "Inventory【库存】", "{D4A01EB6-A505-473A-AD9C-61FF5C9DB372}"
EndProject
Project("{2150E333-8FDC-42A3-9474-1A3956D46DE8}") = "Inventory【库存】", "Inventory【库存】", "{7C0386EB-C3FF-4E30-872C-BF7E02E47DA4}"
EndProject
Project("{9A19103F-16F7-4668-BE54-9A1E7A4F7556}") = "Yunt.Inventory.Domain", "Yunt.Inventory.Domain\Yunt.Inventory.Domain.csproj", "{FC43859A-4A7A-4D09-A268-2A704602CA83}"
EndProject
Project("{FAE04EC0-301F-11D3-BF4B-00C04F79EFBC}") = "Yunt.Inventory.Repository.EF", "Yunt.Inventory.Repository.EF\Yunt.Inventory.Repository.EF.csproj", "{09836C20-24BD-4D21-AD0B-3AF488B3C0B4}"
EndProject
Global
	GlobalSection(SolutionConfigurationPlatforms) = preSolution
		Debug|Any CPU = Debug|Any CPU
		Release|Any CPU = Release|Any CPU
	EndGlobalSection
	GlobalSection(ProjectConfigurationPlatforms) = postSolution
		{0977DDBD-8F6A-4DA7-A268-AE7CF91EF38E}.Debug|Any CPU.ActiveCfg = Debug|Any CPU
		{0977DDBD-8F6A-4DA7-A268-AE7CF91EF38E}.Debug|Any CPU.Build.0 = Debug|Any CPU
		{0977DDBD-8F6A-4DA7-A268-AE7CF91EF38E}.Release|Any CPU.ActiveCfg = Release|Any CPU
		{0977DDBD-8F6A-4DA7-A268-AE7CF91EF38E}.Release|Any CPU.Build.0 = Release|Any CPU
		{EBEEE472-3E41-404F-B3BB-288EFDF601DD}.Debug|Any CPU.ActiveCfg = Debug|Any CPU
		{EBEEE472-3E41-404F-B3BB-288EFDF601DD}.Debug|Any CPU.Build.0 = Debug|Any CPU
		{EBEEE472-3E41-404F-B3BB-288EFDF601DD}.Release|Any CPU.ActiveCfg = Release|Any CPU
		{EBEEE472-3E41-404F-B3BB-288EFDF601DD}.Release|Any CPU.Build.0 = Release|Any CPU
		{F13D0D4F-D93A-40BA-B979-E0DC8B9B93B3}.Debug|Any CPU.ActiveCfg = Debug|Any CPU
		{F13D0D4F-D93A-40BA-B979-E0DC8B9B93B3}.Debug|Any CPU.Build.0 = Debug|Any CPU
		{F13D0D4F-D93A-40BA-B979-E0DC8B9B93B3}.Release|Any CPU.ActiveCfg = Release|Any CPU
		{F13D0D4F-D93A-40BA-B979-E0DC8B9B93B3}.Release|Any CPU.Build.0 = Release|Any CPU
		{44E1A07A-25D8-434B-8242-490DB2221426}.Debug|Any CPU.ActiveCfg = Debug|Any CPU
		{44E1A07A-25D8-434B-8242-490DB2221426}.Debug|Any CPU.Build.0 = Debug|Any CPU
		{44E1A07A-25D8-434B-8242-490DB2221426}.Release|Any CPU.ActiveCfg = Release|Any CPU
		{44E1A07A-25D8-434B-8242-490DB2221426}.Release|Any CPU.Build.0 = Release|Any CPU
		{C93ECB32-6C1E-424F-9F6E-257A4FA562E3}.Debug|Any CPU.ActiveCfg = Debug|Any CPU
		{C93ECB32-6C1E-424F-9F6E-257A4FA562E3}.Debug|Any CPU.Build.0 = Debug|Any CPU
		{C93ECB32-6C1E-424F-9F6E-257A4FA562E3}.Release|Any CPU.ActiveCfg = Release|Any CPU
		{C93ECB32-6C1E-424F-9F6E-257A4FA562E3}.Release|Any CPU.Build.0 = Release|Any CPU
		{36A769A9-84B8-4166-B5F4-1F665781274E}.Debug|Any CPU.ActiveCfg = Debug|Any CPU
		{36A769A9-84B8-4166-B5F4-1F665781274E}.Debug|Any CPU.Build.0 = Debug|Any CPU
		{36A769A9-84B8-4166-B5F4-1F665781274E}.Release|Any CPU.ActiveCfg = Release|Any CPU
		{36A769A9-84B8-4166-B5F4-1F665781274E}.Release|Any CPU.Build.0 = Release|Any CPU
		{AAB11832-13F6-4A3B-9D9D-23D90AABD5FA}.Debug|Any CPU.ActiveCfg = Debug|Any CPU
		{AAB11832-13F6-4A3B-9D9D-23D90AABD5FA}.Debug|Any CPU.Build.0 = Debug|Any CPU
		{AAB11832-13F6-4A3B-9D9D-23D90AABD5FA}.Release|Any CPU.ActiveCfg = Release|Any CPU
		{AAB11832-13F6-4A3B-9D9D-23D90AABD5FA}.Release|Any CPU.Build.0 = Release|Any CPU
		{D184E1FE-AB48-4DC5-B064-564ACBD12D93}.Debug|Any CPU.ActiveCfg = Debug|Any CPU
		{D184E1FE-AB48-4DC5-B064-564ACBD12D93}.Debug|Any CPU.Build.0 = Debug|Any CPU
		{D184E1FE-AB48-4DC5-B064-564ACBD12D93}.Release|Any CPU.ActiveCfg = Release|Any CPU
		{D184E1FE-AB48-4DC5-B064-564ACBD12D93}.Release|Any CPU.Build.0 = Release|Any CPU
		{89E3339A-DDCD-4D66-95EF-7300359BCB87}.Debug|Any CPU.ActiveCfg = Debug|Any CPU
		{89E3339A-DDCD-4D66-95EF-7300359BCB87}.Debug|Any CPU.Build.0 = Debug|Any CPU
		{89E3339A-DDCD-4D66-95EF-7300359BCB87}.Release|Any CPU.ActiveCfg = Release|Any CPU
		{89E3339A-DDCD-4D66-95EF-7300359BCB87}.Release|Any CPU.Build.0 = Release|Any CPU
		{BC919154-FFC9-4443-9BEE-10F87AD5CDA7}.Debug|Any CPU.ActiveCfg = Debug|Any CPU
		{BC919154-FFC9-4443-9BEE-10F87AD5CDA7}.Debug|Any CPU.Build.0 = Debug|Any CPU
		{BC919154-FFC9-4443-9BEE-10F87AD5CDA7}.Release|Any CPU.ActiveCfg = Release|Any CPU
		{BC919154-FFC9-4443-9BEE-10F87AD5CDA7}.Release|Any CPU.Build.0 = Release|Any CPU
		{CD9A70C8-7DAA-4790-81F7-3FAD64772F96}.Debug|Any CPU.ActiveCfg = Debug|Any CPU
		{CD9A70C8-7DAA-4790-81F7-3FAD64772F96}.Debug|Any CPU.Build.0 = Debug|Any CPU
		{CD9A70C8-7DAA-4790-81F7-3FAD64772F96}.Release|Any CPU.ActiveCfg = Release|Any CPU
		{CD9A70C8-7DAA-4790-81F7-3FAD64772F96}.Release|Any CPU.Build.0 = Release|Any CPU
		{0B3AAF82-D9FD-425A-87B8-C7D19D1F11CD}.Debug|Any CPU.ActiveCfg = Debug|Any CPU
		{0B3AAF82-D9FD-425A-87B8-C7D19D1F11CD}.Debug|Any CPU.Build.0 = Debug|Any CPU
		{0B3AAF82-D9FD-425A-87B8-C7D19D1F11CD}.Release|Any CPU.ActiveCfg = Release|Any CPU
		{0B3AAF82-D9FD-425A-87B8-C7D19D1F11CD}.Release|Any CPU.Build.0 = Release|Any CPU
		{13BB0593-13EC-49A5-9F39-A68858C1D6B4}.Debug|Any CPU.ActiveCfg = Debug|Any CPU
		{13BB0593-13EC-49A5-9F39-A68858C1D6B4}.Debug|Any CPU.Build.0 = Debug|Any CPU
		{13BB0593-13EC-49A5-9F39-A68858C1D6B4}.Release|Any CPU.ActiveCfg = Release|Any CPU
		{13BB0593-13EC-49A5-9F39-A68858C1D6B4}.Release|Any CPU.Build.0 = Release|Any CPU
		{B0C8EF08-4672-4ED3-B5EF-7204CDB6D9B1}.Debug|Any CPU.ActiveCfg = Debug|Any CPU
		{B0C8EF08-4672-4ED3-B5EF-7204CDB6D9B1}.Debug|Any CPU.Build.0 = Debug|Any CPU
		{B0C8EF08-4672-4ED3-B5EF-7204CDB6D9B1}.Release|Any CPU.ActiveCfg = Release|Any CPU
		{B0C8EF08-4672-4ED3-B5EF-7204CDB6D9B1}.Release|Any CPU.Build.0 = Release|Any CPU
		{FECBAC94-EB39-4C52-94FA-B5C5039349F7}.Debug|Any CPU.ActiveCfg = Debug|Any CPU
		{FECBAC94-EB39-4C52-94FA-B5C5039349F7}.Debug|Any CPU.Build.0 = Debug|Any CPU
		{FECBAC94-EB39-4C52-94FA-B5C5039349F7}.Release|Any CPU.ActiveCfg = Release|Any CPU
		{FECBAC94-EB39-4C52-94FA-B5C5039349F7}.Release|Any CPU.Build.0 = Release|Any CPU
		{0F8AFBE9-7B6C-4B9D-94AB-F7FF24D37F67}.Debug|Any CPU.ActiveCfg = Debug|Any CPU
		{0F8AFBE9-7B6C-4B9D-94AB-F7FF24D37F67}.Debug|Any CPU.Build.0 = Debug|Any CPU
		{0F8AFBE9-7B6C-4B9D-94AB-F7FF24D37F67}.Release|Any CPU.ActiveCfg = Release|Any CPU
		{0F8AFBE9-7B6C-4B9D-94AB-F7FF24D37F67}.Release|Any CPU.Build.0 = Release|Any CPU
		{B2C12BA6-D8A3-4A40-AD2B-CC71AB527C79}.Debug|Any CPU.ActiveCfg = Debug|Any CPU
		{B2C12BA6-D8A3-4A40-AD2B-CC71AB527C79}.Debug|Any CPU.Build.0 = Debug|Any CPU
		{B2C12BA6-D8A3-4A40-AD2B-CC71AB527C79}.Release|Any CPU.ActiveCfg = Release|Any CPU
		{B2C12BA6-D8A3-4A40-AD2B-CC71AB527C79}.Release|Any CPU.Build.0 = Release|Any CPU
		{16716634-420D-479B-8BA9-8CA9B33BECDD}.Debug|Any CPU.ActiveCfg = Debug|Any CPU
		{16716634-420D-479B-8BA9-8CA9B33BECDD}.Debug|Any CPU.Build.0 = Debug|Any CPU
		{16716634-420D-479B-8BA9-8CA9B33BECDD}.Release|Any CPU.ActiveCfg = Release|Any CPU
		{16716634-420D-479B-8BA9-8CA9B33BECDD}.Release|Any CPU.Build.0 = Release|Any CPU
		{B0D82CC2-D0CC-4F6F-A59C-0357706DDE9E}.Debug|Any CPU.ActiveCfg = Debug|Any CPU
		{B0D82CC2-D0CC-4F6F-A59C-0357706DDE9E}.Debug|Any CPU.Build.0 = Debug|Any CPU
		{B0D82CC2-D0CC-4F6F-A59C-0357706DDE9E}.Release|Any CPU.ActiveCfg = Release|Any CPU
		{B0D82CC2-D0CC-4F6F-A59C-0357706DDE9E}.Release|Any CPU.Build.0 = Release|Any CPU
		{FC43859A-4A7A-4D09-A268-2A704602CA83}.Debug|Any CPU.ActiveCfg = Debug|Any CPU
		{FC43859A-4A7A-4D09-A268-2A704602CA83}.Debug|Any CPU.Build.0 = Debug|Any CPU
		{FC43859A-4A7A-4D09-A268-2A704602CA83}.Release|Any CPU.ActiveCfg = Release|Any CPU
		{FC43859A-4A7A-4D09-A268-2A704602CA83}.Release|Any CPU.Build.0 = Release|Any CPU
		{09836C20-24BD-4D21-AD0B-3AF488B3C0B4}.Debug|Any CPU.ActiveCfg = Debug|Any CPU
		{09836C20-24BD-4D21-AD0B-3AF488B3C0B4}.Debug|Any CPU.Build.0 = Debug|Any CPU
		{09836C20-24BD-4D21-AD0B-3AF488B3C0B4}.Release|Any CPU.ActiveCfg = Release|Any CPU
		{09836C20-24BD-4D21-AD0B-3AF488B3C0B4}.Release|Any CPU.Build.0 = Release|Any CPU
	EndGlobalSection
	GlobalSection(SolutionProperties) = preSolution
		HideSolutionNode = FALSE
	EndGlobalSection
	GlobalSection(NestedProjects) = preSolution
		{0977DDBD-8F6A-4DA7-A268-AE7CF91EF38E} = {65ADA9B8-705B-44F2-B69F-C9D4BDD0826F}
		{EBEEE472-3E41-404F-B3BB-288EFDF601DD} = {65ADA9B8-705B-44F2-B69F-C9D4BDD0826F}
		{F13D0D4F-D93A-40BA-B979-E0DC8B9B93B3} = {65ADA9B8-705B-44F2-B69F-C9D4BDD0826F}
		{44E1A07A-25D8-434B-8242-490DB2221426} = {34019C27-4A7F-445F-AEAC-F9BD2921C14C}
		{C93ECB32-6C1E-424F-9F6E-257A4FA562E3} = {34019C27-4A7F-445F-AEAC-F9BD2921C14C}
		{36A769A9-84B8-4166-B5F4-1F665781274E} = {34019C27-4A7F-445F-AEAC-F9BD2921C14C}
		{AAB11832-13F6-4A3B-9D9D-23D90AABD5FA} = {34019C27-4A7F-445F-AEAC-F9BD2921C14C}
		{D184E1FE-AB48-4DC5-B064-564ACBD12D93} = {34019C27-4A7F-445F-AEAC-F9BD2921C14C}
		{89E3339A-DDCD-4D66-95EF-7300359BCB87} = {34019C27-4A7F-445F-AEAC-F9BD2921C14C}
		{BC919154-FFC9-4443-9BEE-10F87AD5CDA7} = {34019C27-4A7F-445F-AEAC-F9BD2921C14C}
		{65ADA9B8-705B-44F2-B69F-C9D4BDD0826F} = {65228A37-BBDF-40F7-8CEE-0344FF8F9958}
		{1B3CA5F5-5A3D-49F1-A994-A846F27E7170} = {65228A37-BBDF-40F7-8CEE-0344FF8F9958}
		{CD9A70C8-7DAA-4790-81F7-3FAD64772F96} = {1B3CA5F5-5A3D-49F1-A994-A846F27E7170}
		{0B3AAF82-D9FD-425A-87B8-C7D19D1F11CD} = {1B3CA5F5-5A3D-49F1-A994-A846F27E7170}
		{2D91A3F2-532A-479E-9455-9F04A15BA0DA} = {08806F1C-82C8-48A1-B657-C141F011DCD7}
		{32A6BF62-EF7A-47A8-B5DE-02EC2E549B82} = {08806F1C-82C8-48A1-B657-C141F011DCD7}
		{F79BC7BD-D322-4D06-A23A-48F160DD2689} = {E3B2BA8E-8321-4F3C-B26F-086B884BACB1}
		{115D4F24-11DC-40E5-A880-2FA68EED0131} = {E3B2BA8E-8321-4F3C-B26F-086B884BACB1}
		{13BB0593-13EC-49A5-9F39-A68858C1D6B4} = {2D91A3F2-532A-479E-9455-9F04A15BA0DA}
		{B0C8EF08-4672-4ED3-B5EF-7204CDB6D9B1} = {32A6BF62-EF7A-47A8-B5DE-02EC2E549B82}
		{FECBAC94-EB39-4C52-94FA-B5C5039349F7} = {F79BC7BD-D322-4D06-A23A-48F160DD2689}
		{0F8AFBE9-7B6C-4B9D-94AB-F7FF24D37F67} = {115D4F24-11DC-40E5-A880-2FA68EED0131}
		{B2C12BA6-D8A3-4A40-AD2B-CC71AB527C79} = {F35F62E0-3676-4134-98F8-F769CF142380}
		{F35F62E0-3676-4134-98F8-F769CF142380} = {20A6FE70-1DAA-4085-86F5-36EFC479FF03}
		{16716634-420D-479B-8BA9-8CA9B33BECDD} = {20A6FE70-1DAA-4085-86F5-36EFC479FF03}
		{2D8F67B6-CBE1-413B-AB11-119E2D22600A} = {08806F1C-82C8-48A1-B657-C141F011DCD7}
		{C1B5CAB2-E868-45D3-A786-23D4F8618396} = {08806F1C-82C8-48A1-B657-C141F011DCD7}
		{02A8585D-8BF4-4340-8639-99E20FCBEF94} = {E3B2BA8E-8321-4F3C-B26F-086B884BACB1}
		{C0369AC2-73F3-4042-B46E-19C94EAB982C} = {E3B2BA8E-8321-4F3C-B26F-086B884BACB1}
		{B0D82CC2-D0CC-4F6F-A59C-0357706DDE9E} = {BBB1F0D0-8A50-485D-8B04-91EE26F4DF23}
		{BBB1F0D0-8A50-485D-8B04-91EE26F4DF23} = {0432DE90-3873-4FF3-8DBD-1D64D30B5B03}
		{D4A01EB6-A505-473A-AD9C-61FF5C9DB372} = {08806F1C-82C8-48A1-B657-C141F011DCD7}
		{7C0386EB-C3FF-4E30-872C-BF7E02E47DA4} = {E3B2BA8E-8321-4F3C-B26F-086B884BACB1}
		{FC43859A-4A7A-4D09-A268-2A704602CA83} = {D4A01EB6-A505-473A-AD9C-61FF5C9DB372}
		{09836C20-24BD-4D21-AD0B-3AF488B3C0B4} = {7C0386EB-C3FF-4E30-872C-BF7E02E47DA4}
	EndGlobalSection
	GlobalSection(ExtensibilityGlobals) = postSolution
		SolutionGuid = {21291A92-566E-4900-A78D-61F038214566}
	EndGlobalSection
EndGlobal
